
Microsoft Visual Studio Solution File, Format Version 12.00
# Visual Studio 15
VisualStudioVersion = 15.0.26124.0
MinimumVisualStudioVersion = 15.0.26124.0
Project("{FAE04EC0-301F-11D3-BF4B-00C04F79EFBC}") = "RecruitJr.Core", "RecruitJr.Core\RecruitJr.Core.csproj", "{FC92092D-0A79-4C9C-954F-422E1AB73DAE}"
EndProject
Project("{FAE04EC0-301F-11D3-BF4B-00C04F79EFBC}") = "RecruitJr.DAL.MongoDB", "RecruitJr.DAL.MongoDB\RecruitJr.DAL.MongoDB.csproj", "{F0B3BBED-21E1-4F91-94D6-0F9F1CBD7DF5}"
EndProject
Project("{FAE04EC0-301F-11D3-BF4B-00C04F79EFBC}") = "RecruitJr.DB.Seed.Common", "RecruitJr.DB.Seed.Common\RecruitJr.DB.Seed.Common.csproj", "{9647FCAF-7760-42B6-B6E7-9592706AF7A8}"
EndProject
Project("{FAE04EC0-301F-11D3-BF4B-00C04F79EFBC}") = "RecruitJr.DB.Seed.MongoDB", "RecruitJr.DB.Seed.MongoDB\RecruitJr.DB.Seed.MongoDB.csproj", "{A0EA7818-C6D3-4753-B30B-1965909D4DE7}"
EndProject
Project("{FAE04EC0-301F-11D3-BF4B-00C04F79EFBC}") = "RecruitJr.Api", "RecruitJr.Api\RecruitJr.Api.csproj", "{EF21B856-70AA-42A4-84BA-2EC0A2758BD2}"
EndProject
Global
	GlobalSection(SolutionConfigurationPlatforms) = preSolution
		Debug|Any CPU = Debug|Any CPU
		Debug|x64 = Debug|x64
		Debug|x86 = Debug|x86
		Release|Any CPU = Release|Any CPU
		Release|x64 = Release|x64
		Release|x86 = Release|x86
	EndGlobalSection
	GlobalSection(SolutionProperties) = preSolution
		HideSolutionNode = FALSE
	EndGlobalSection
	GlobalSection(ProjectConfigurationPlatforms) = postSolution
		{FC92092D-0A79-4C9C-954F-422E1AB73DAE}.Debug|Any CPU.ActiveCfg = Debug|Any CPU
		{FC92092D-0A79-4C9C-954F-422E1AB73DAE}.Debug|Any CPU.Build.0 = Debug|Any CPU
		{FC92092D-0A79-4C9C-954F-422E1AB73DAE}.Debug|x64.ActiveCfg = Debug|x64
		{FC92092D-0A79-4C9C-954F-422E1AB73DAE}.Debug|x64.Build.0 = Debug|x64
		{FC92092D-0A79-4C9C-954F-422E1AB73DAE}.Debug|x86.ActiveCfg = Debug|x86
		{FC92092D-0A79-4C9C-954F-422E1AB73DAE}.Debug|x86.Build.0 = Debug|x86
		{FC92092D-0A79-4C9C-954F-422E1AB73DAE}.Release|Any CPU.ActiveCfg = Release|Any CPU
		{FC92092D-0A79-4C9C-954F-422E1AB73DAE}.Release|Any CPU.Build.0 = Release|Any CPU
		{FC92092D-0A79-4C9C-954F-422E1AB73DAE}.Release|x64.ActiveCfg = Release|x64
		{FC92092D-0A79-4C9C-954F-422E1AB73DAE}.Release|x64.Build.0 = Release|x64
		{FC92092D-0A79-4C9C-954F-422E1AB73DAE}.Release|x86.ActiveCfg = Release|x86
		{FC92092D-0A79-4C9C-954F-422E1AB73DAE}.Release|x86.Build.0 = Release|x86
		{F0B3BBED-21E1-4F91-94D6-0F9F1CBD7DF5}.Debug|Any CPU.ActiveCfg = Debug|Any CPU
		{F0B3BBED-21E1-4F91-94D6-0F9F1CBD7DF5}.Debug|Any CPU.Build.0 = Debug|Any CPU
		{F0B3BBED-21E1-4F91-94D6-0F9F1CBD7DF5}.Debug|x64.ActiveCfg = Debug|x64
		{F0B3BBED-21E1-4F91-94D6-0F9F1CBD7DF5}.Debug|x64.Build.0 = Debug|x64
		{F0B3BBED-21E1-4F91-94D6-0F9F1CBD7DF5}.Debug|x86.ActiveCfg = Debug|x86
		{F0B3BBED-21E1-4F91-94D6-0F9F1CBD7DF5}.Debug|x86.Build.0 = Debug|x86
		{F0B3BBED-21E1-4F91-94D6-0F9F1CBD7DF5}.Release|Any CPU.ActiveCfg = Release|Any CPU
		{F0B3BBED-21E1-4F91-94D6-0F9F1CBD7DF5}.Release|Any CPU.Build.0 = Release|Any CPU
		{F0B3BBED-21E1-4F91-94D6-0F9F1CBD7DF5}.Release|x64.ActiveCfg = Release|x64
		{F0B3BBED-21E1-4F91-94D6-0F9F1CBD7DF5}.Release|x64.Build.0 = Release|x64
		{F0B3BBED-21E1-4F91-94D6-0F9F1CBD7DF5}.Release|x86.ActiveCfg = Release|x86
		{F0B3BBED-21E1-4F91-94D6-0F9F1CBD7DF5}.Release|x86.Build.0 = Release|x86
		{9647FCAF-7760-42B6-B6E7-9592706AF7A8}.Debug|Any CPU.ActiveCfg = Debug|Any CPU
		{9647FCAF-7760-42B6-B6E7-9592706AF7A8}.Debug|Any CPU.Build.0 = Debug|Any CPU
		{9647FCAF-7760-42B6-B6E7-9592706AF7A8}.Debug|x64.ActiveCfg = Debug|x64
		{9647FCAF-7760-42B6-B6E7-9592706AF7A8}.Debug|x64.Build.0 = Debug|x64
		{9647FCAF-7760-42B6-B6E7-9592706AF7A8}.Debug|x86.ActiveCfg = Debug|x86
		{9647FCAF-7760-42B6-B6E7-9592706AF7A8}.Debug|x86.Build.0 = Debug|x86
		{9647FCAF-7760-42B6-B6E7-9592706AF7A8}.Release|Any CPU.ActiveCfg = Release|Any CPU
		{9647FCAF-7760-42B6-B6E7-9592706AF7A8}.Release|Any CPU.Build.0 = Release|Any CPU
		{9647FCAF-7760-42B6-B6E7-9592706AF7A8}.Release|x64.ActiveCfg = Release|x64
		{9647FCAF-7760-42B6-B6E7-9592706AF7A8}.Release|x64.Build.0 = Release|x64
		{9647FCAF-7760-42B6-B6E7-9592706AF7A8}.Release|x86.ActiveCfg = Release|x86
		{9647FCAF-7760-42B6-B6E7-9592706AF7A8}.Release|x86.Build.0 = Release|x86
		{A0EA7818-C6D3-4753-B30B-1965909D4DE7}.Debug|Any CPU.ActiveCfg = Debug|Any CPU
		{A0EA7818-C6D3-4753-B30B-1965909D4DE7}.Debug|Any CPU.Build.0 = Debug|Any CPU
		{A0EA7818-C6D3-4753-B30B-1965909D4DE7}.Debug|x64.ActiveCfg = Debug|x64
		{A0EA7818-C6D3-4753-B30B-1965909D4DE7}.Debug|x64.Build.0 = Debug|x64
		{A0EA7818-C6D3-4753-B30B-1965909D4DE7}.Debug|x86.ActiveCfg = Debug|x86
		{A0EA7818-C6D3-4753-B30B-1965909D4DE7}.Debug|x86.Build.0 = Debug|x86
		{A0EA7818-C6D3-4753-B30B-1965909D4DE7}.Release|Any CPU.ActiveCfg = Release|Any CPU
		{A0EA7818-C6D3-4753-B30B-1965909D4DE7}.Release|Any CPU.Build.0 = Release|Any CPU
		{A0EA7818-C6D3-4753-B30B-1965909D4DE7}.Release|x64.ActiveCfg = Release|x64
		{A0EA7818-C6D3-4753-B30B-1965909D4DE7}.Release|x64.Build.0 = Release|x64
		{A0EA7818-C6D3-4753-B30B-1965909D4DE7}.Release|x86.ActiveCfg = Release|x86
		{A0EA7818-C6D3-4753-B30B-1965909D4DE7}.Release|x86.Build.0 = Release|x86
		{EF21B856-70AA-42A4-84BA-2EC0A2758BD2}.Debug|Any CPU.ActiveCfg = Debug|Any CPU
		{EF21B856-70AA-42A4-84BA-2EC0A2758BD2}.Debug|Any CPU.Build.0 = Debug|Any CPU
		{EF21B856-70AA-42A4-84BA-2EC0A2758BD2}.Debug|x64.ActiveCfg = Debug|x64
		{EF21B856-70AA-42A4-84BA-2EC0A2758BD2}.Debug|x64.Build.0 = Debug|x64
		{EF21B856-70AA-42A4-84BA-2EC0A2758BD2}.Debug|x86.ActiveCfg = Debug|x86
		{EF21B856-70AA-42A4-84BA-2EC0A2758BD2}.Debug|x86.Build.0 = Debug|x86
		{EF21B856-70AA-42A4-84BA-2EC0A2758BD2}.Release|Any CPU.ActiveCfg = Release|Any CPU
		{EF21B856-70AA-42A4-84BA-2EC0A2758BD2}.Release|Any CPU.Build.0 = Release|Any CPU
		{EF21B856-70AA-42A4-84BA-2EC0A2758BD2}.Release|x64.ActiveCfg = Release|x64
		{EF21B856-70AA-42A4-84BA-2EC0A2758BD2}.Release|x64.Build.0 = Release|x64
		{EF21B856-70AA-42A4-84BA-2EC0A2758BD2}.Release|x86.ActiveCfg = Release|x86
		{EF21B856-70AA-42A4-84BA-2EC0A2758BD2}.Release|x86.Build.0 = Release|x86
	EndGlobalSection
EndGlobal
